
Microsoft Visual Studio Solution File, Format Version 12.00
# Visual Studio 15
VisualStudioVersion = 15.0.27130.2010
MinimumVisualStudioVersion = 10.0.40219.1
Project("{FAE04EC0-301F-11D3-BF4B-00C04F79EFBC}") = "FinalFinal_mvc", "FinalFinal_mvc\FinalFinal_mvc.csproj", "{4FE3334E-B252-4A9A-96A6-A51FEB68D7EE}"
EndProject
Global
	GlobalSection(SolutionConfigurationPlatforms) = preSolution
		Debug|Any CPU = Debug|Any CPU
		Release|Any CPU = Release|Any CPU
	EndGlobalSection
	GlobalSection(ProjectConfigurationPlatforms) = postSolution
		{4FE3334E-B252-4A9A-96A6-A51FEB68D7EE}.Debug|Any CPU.ActiveCfg = Debug|Any CPU
		{4FE3334E-B252-4A9A-96A6-A51FEB68D7EE}.Debug|Any CPU.Build.0 = Debug|Any CPU
		{4FE3334E-B252-4A9A-96A6-A51FEB68D7EE}.Release|Any CPU.ActiveCfg = Release|Any CPU
		{4FE3334E-B252-4A9A-96A6-A51FEB68D7EE}.Release|Any CPU.Build.0 = Release|Any CPU
	EndGlobalSection
	GlobalSection(SolutionProperties) = preSolution
		HideSolutionNode = FALSE
	EndGlobalSection
	GlobalSection(ExtensibilityGlobals) = postSolution
		SolutionGuid = {30F9C984-6EC0-4FF8-99AB-2E019464F080}
	EndGlobalSection
EndGlobal
